
Microsoft Visual Studio Solution File, Format Version 12.00
# Visual Studio Version 16
VisualStudioVersion = 16.0.31729.503
MinimumVisualStudioVersion = 10.0.40219.1
Project("{FAE04EC0-301F-11D3-BF4B-00C04F79EFBC}") = "Mikolaj.Samulak.Service1", "Mikolaj.Samulak.Service1\Mikolaj.Samulak.Service1.csproj", "{37C54C42-19A3-4A0E-A292-2201B13BDCD2}"
EndProject
Project("{FAE04EC0-301F-11D3-BF4B-00C04F79EFBC}") = "Mikolaj.Samulak.Service1.Tests", "Mikolaj.Samulak.Service1.Tests\Mikolaj.Samulak.Service1.Tests.csproj", "{CCB662CB-5138-41CF-8558-0685EC5AF149}"
EndProject
Project("{FAE04EC0-301F-11D3-BF4B-00C04F79EFBC}") = "Mikolaj.Samulak.Service2", "Mikolaj.Samulak.Service2\Mikolaj.Samulak.Service2.csproj", "{DFD430A7-D75E-4313-B4F5-6CE5044D7579}"
EndProject
Global
	GlobalSection(SolutionConfigurationPlatforms) = preSolution
		Debug|Any CPU = Debug|Any CPU
		Release|Any CPU = Release|Any CPU
	EndGlobalSection
	GlobalSection(ProjectConfigurationPlatforms) = postSolution
		{37C54C42-19A3-4A0E-A292-2201B13BDCD2}.Debug|Any CPU.ActiveCfg = Debug|Any CPU
		{37C54C42-19A3-4A0E-A292-2201B13BDCD2}.Debug|Any CPU.Build.0 = Debug|Any CPU
		{37C54C42-19A3-4A0E-A292-2201B13BDCD2}.Release|Any CPU.ActiveCfg = Release|Any CPU
		{37C54C42-19A3-4A0E-A292-2201B13BDCD2}.Release|Any CPU.Build.0 = Release|Any CPU
		{CCB662CB-5138-41CF-8558-0685EC5AF149}.Debug|Any CPU.ActiveCfg = Debug|Any CPU
		{CCB662CB-5138-41CF-8558-0685EC5AF149}.Debug|Any CPU.Build.0 = Debug|Any CPU
		{CCB662CB-5138-41CF-8558-0685EC5AF149}.Release|Any CPU.ActiveCfg = Release|Any CPU
		{CCB662CB-5138-41CF-8558-0685EC5AF149}.Release|Any CPU.Build.0 = Release|Any CPU
		{DFD430A7-D75E-4313-B4F5-6CE5044D7579}.Debug|Any CPU.ActiveCfg = Debug|Any CPU
		{DFD430A7-D75E-4313-B4F5-6CE5044D7579}.Debug|Any CPU.Build.0 = Debug|Any CPU
		{DFD430A7-D75E-4313-B4F5-6CE5044D7579}.Release|Any CPU.ActiveCfg = Release|Any CPU
		{DFD430A7-D75E-4313-B4F5-6CE5044D7579}.Release|Any CPU.Build.0 = Release|Any CPU
	EndGlobalSection
	GlobalSection(SolutionProperties) = preSolution
		HideSolutionNode = FALSE
	EndGlobalSection
	GlobalSection(ExtensibilityGlobals) = postSolution
		SolutionGuid = {2134D349-9DEC-4D7B-9272-3A507336CF8F}
	EndGlobalSection
EndGlobal
